{
  "name": "fnaf2-1020",
  "version": "0.1.0",
  "lockfileVersion": 3,
  "requires": true,
  "packages": {
    "": {
      "name": "fnaf2-1020",
      "version": "0.1.0",
      "workspaces": [
        "packages/*",
        "apps/*"
      ],
      "devDependencies": {
        "@types/node": "22.10.2",
        "typescript": "5.7.3"
      },
      "engines": {
        "node": ">=20"
      }
    },
    "apps/device": {
      "name": "@fnaf2-1020/device",
      "version": "0.1.0",
      "dependencies": {
        "@fnaf2-1020/adapters": "file:../../packages/adapters",
        "@fnaf2-1020/core": "file:../../packages/core",
        "@fnaf2-1020/runtime": "file:../../packages/runtime"
      },
      "bin": {
        "fnaf2-device": "src/cli.js"
      }
    },
    "apps/trainer": {
      "name": "@fnaf2-1020/trainer",
      "version": "0.1.0",
      "dependencies": {
        "@fnaf2-1020/core": "file:../../packages/core"
      }
    },
    "node_modules/@fnaf2-1020/adapters": {
      "resolved": "packages/adapters",
      "link": true
    },
    "node_modules/@fnaf2-1020/core": {
      "resolved": "packages/core",
      "link": true
    },
    "node_modules/@fnaf2-1020/device": {
      "resolved": "apps/device",
      "link": true
    },
    "node_modules/@fnaf2-1020/research": {
      "resolved": "packages/research",
      "link": true
    },
    "node_modules/@fnaf2-1020/runtime": {
      "resolved": "packages/runtime",
      "link": true
    },
    "node_modules/@fnaf2-1020/screencheck": {
      "resolved": "packages/screencheck",
      "link": true
    },
    "node_modules/@fnaf2-1020/trainer": {
      "resolved": "apps/trainer",
      "link": true
    },
    "node_modules/@types/node": {
      "version": "22.10.2",
      "resolved": "https://registry.npmjs.org/@types/node/-/node-22.10.2.tgz",
      "integrity": "sha512-Xxr6BBRCAOQixvonOye19wnzyDiUtTeqldOOmj3CkeblonbccA12PFwlufvRdrpjXxqnmUaeiU5EOA+7s5diUQ==",
      "dev": true,
      "license": "MIT",
      "dependencies": {
        "undici-types": "~6.20.0"
      }
    },
    "node_modules/typescript": {
      "version": "5.7.3",
      "resolved": "https://registry.npmjs.org/typescript/-/typescript-5.7.3.tgz",
      "integrity": "sha512-84MVSjMEHP+FQRPy3pX9sTVV/INIex71s9TL2Gm5FG/WG1SqXeKyZ0k7/blY/4FdOzI12CBy1vGc4og/eus0fw==",
      "dev": true,
      "license": "Apache-2.0",
      "bin": {
        "tsc": "bin/tsc",
        "tsserver": "bin/tsserver"
      },
      "engines": {
        "node": ">=14.17"
      }
    },
    "node_modules/undici-types": {
      "version": "6.20.0",
      "resolved": "https://registry.npmjs.org/undici-types/-/undici-types-6.20.0.tgz",
      "integrity": "sha512-Ny6QZ2Nju20vw1SRHe3d9jVu6gJ+4e3+MMpqu7pqE5HT6WsTSlce++GQmK5UXS8mzV8DSYHrQH+Xrf2jVcuKNg==",
      "dev": true,
      "license": "MIT"
    },
    "packages/adapters": {
      "name": "@fnaf2-1020/adapters",
      "version": "0.1.0",
      "dependencies": {
        "@fnaf2-1020/core": "file:../core"
      }
    },
    "packages/core": {
      "name": "@fnaf2-1020/core",
      "version": "0.1.0"
    },
    "packages/research": {
      "name": "@fnaf2-1020/research",
      "version": "0.1.0",
      "dependencies": {
        "@fnaf2-1020/core": "file:../core"
      },
      "bin": {
        "fnaf2-research": "src/cli.js"
      }
    },
    "packages/runtime": {
      "name": "@fnaf2-1020/runtime",
      "version": "0.1.0",
      "dependencies": {
        "@fnaf2-1020/core": "file:../core"
      }
    },
    "packages/screencheck": {
      "name": "@fnaf2-1020/screencheck",
      "version": "0.1.0"
    }
  }
}
